
Microsoft Visual Studio Solution File, Format Version 12.00
# Visual Studio Version 16
VisualStudioVersion = 16.0.28803.202
MinimumVisualStudioVersion = 10.0.40219.1
Project("{888888A0-9F3D-457C-B088-3A5042F75D52}") = "POSTPV", "POSTPV.pyproj", "{C6F52C45-8F3E-4840-9520-55D86613B4AD}"
EndProject
Global
	GlobalSection(SolutionConfigurationPlatforms) = preSolution
		Debug|Any CPU = Debug|Any CPU
		Release|Any CPU = Release|Any CPU
	EndGlobalSection
	GlobalSection(ProjectConfigurationPlatforms) = postSolution
		{C6F52C45-8F3E-4840-9520-55D86613B4AD}.Debug|Any CPU.ActiveCfg = Debug|Any CPU
		{C6F52C45-8F3E-4840-9520-55D86613B4AD}.Release|Any CPU.ActiveCfg = Release|Any CPU
	EndGlobalSection
	GlobalSection(SolutionProperties) = preSolution
		HideSolutionNode = FALSE
	EndGlobalSection
	GlobalSection(ExtensibilityGlobals) = postSolution
		SolutionGuid = {8BC20B70-3060-4DAC-AD92-FE171E126CBC}
	EndGlobalSection
EndGlobal
